
Microsoft Visual Studio Solution File, Format Version 12.00
# Visual Studio Version 17
VisualStudioVersion = 17.7.34031.279
MinimumVisualStudioVersion = 10.0.40219.1
Project("{9A19103F-16F7-4668-BE54-9A1E7A4F7556}") = "opentelemetry-demo", "opentelemetry-demo.csproj", "{34CED540-0892-418D-9C57-316EEFF947C9}"
EndProject
Global
	GlobalSection(SolutionConfigurationPlatforms) = preSolution
		Debug|Any CPU = Debug|Any CPU
		Release|Any CPU = Release|Any CPU
	EndGlobalSection
	GlobalSection(ProjectConfigurationPlatforms) = postSolution
		{34CED540-0892-418D-9C57-316EEFF947C9}.Debug|Any CPU.ActiveCfg = Debug|Any CPU
		{34CED540-0892-418D-9C57-316EEFF947C9}.Debug|Any CPU.Build.0 = Debug|Any CPU
		{34CED540-0892-418D-9C57-316EEFF947C9}.Release|Any CPU.ActiveCfg = Release|Any CPU
		{34CED540-0892-418D-9C57-316EEFF947C9}.Release|Any CPU.Build.0 = Release|Any CPU
	EndGlobalSection
	GlobalSection(SolutionProperties) = preSolution
		HideSolutionNode = FALSE
	EndGlobalSection
	GlobalSection(ExtensibilityGlobals) = postSolution
		SolutionGuid = {26D33340-10EA-4FDD-99F1-330018687D74}
	EndGlobalSection
EndGlobal
